
Microsoft Visual Studio Solution File, Format Version 12.00
# Visual Studio Version 17
VisualStudioVersion = 17.3.32929.385
MinimumVisualStudioVersion = 10.0.40219.1
Project("{FAE04EC0-301F-11D3-BF4B-00C04F79EFBC}") = "Calculator.UWP", "Calculator\Calculator.UWP\Calculator.UWP.csproj", "{1A12B350-D36B-4DCB-BD5A-B0C6969A7CC5}"
EndProject
Project("{FAE04EC0-301F-11D3-BF4B-00C04F79EFBC}") = "Calculator.Android", "Calculator\Calculator.Android\Calculator.Android.csproj", "{0DC621B8-3C68-4B6D-B98F-041306B505F1}"
EndProject
Project("{FAE04EC0-301F-11D3-BF4B-00C04F79EFBC}") = "Calculator.iOS", "Calculator\Calculator.iOS\Calculator.iOS.csproj", "{A3A0F009-319A-41D1-BB13-9948409CA522}"
EndProject
Project("{FAE04EC0-301F-11D3-BF4B-00C04F79EFBC}") = "Calculator", "Calculator\Calculator\Calculator.csproj", "{C868A803-58B4-45DD-940F-32988298C80B}"
EndProject
Global
	GlobalSection(SolutionConfigurationPlatforms) = preSolution
		Debug|Any CPU = Debug|Any CPU
		Debug|ARM = Debug|ARM
		Debug|iPhone = Debug|iPhone
		Debug|iPhoneSimulator = Debug|iPhoneSimulator
		Debug|x64 = Debug|x64
		Debug|x86 = Debug|x86
		Release|Any CPU = Release|Any CPU
		Release|ARM = Release|ARM
		Release|iPhone = Release|iPhone
		Release|iPhoneSimulator = Release|iPhoneSimulator
		Release|x64 = Release|x64
		Release|x86 = Release|x86
	EndGlobalSection
	GlobalSection(ProjectConfigurationPlatforms) = postSolution
		{1A12B350-D36B-4DCB-BD5A-B0C6969A7CC5}.Debug|Any CPU.ActiveCfg = Debug|x64
		{1A12B350-D36B-4DCB-BD5A-B0C6969A7CC5}.Debug|Any CPU.Build.0 = Debug|x64
		{1A12B350-D36B-4DCB-BD5A-B0C6969A7CC5}.Debug|Any CPU.Deploy.0 = Debug|x64
		{1A12B350-D36B-4DCB-BD5A-B0C6969A7CC5}.Debug|ARM.ActiveCfg = Debug|ARM
		{1A12B350-D36B-4DCB-BD5A-B0C6969A7CC5}.Debug|ARM.Build.0 = Debug|ARM
		{1A12B350-D36B-4DCB-BD5A-B0C6969A7CC5}.Debug|ARM.Deploy.0 = Debug|ARM
		{1A12B350-D36B-4DCB-BD5A-B0C6969A7CC5}.Debug|iPhone.ActiveCfg = Debug|x64
		{1A12B350-D36B-4DCB-BD5A-B0C6969A7CC5}.Debug|iPhone.Build.0 = Debug|x64
		{1A12B350-D36B-4DCB-BD5A-B0C6969A7CC5}.Debug|iPhone.Deploy.0 = Debug|x64
		{1A12B350-D36B-4DCB-BD5A-B0C6969A7CC5}.Debug|iPhoneSimulator.ActiveCfg = Debug|x64
		{1A12B350-D36B-4DCB-BD5A-B0C6969A7CC5}.Debug|iPhoneSimulator.Build.0 = Debug|x64
		{1A12B350-D36B-4DCB-BD5A-B0C6969A7CC5}.Debug|iPhoneSimulator.Deploy.0 = Debug|x64
		{1A12B350-D36B-4DCB-BD5A-B0C6969A7CC5}.Debug|x64.ActiveCfg = Debug|x64
		{1A12B350-D36B-4DCB-BD5A-B0C6969A7CC5}.Debug|x64.Build.0 = Debug|x64
		{1A12B350-D36B-4DCB-BD5A-B0C6969A7CC5}.Debug|x64.Deploy.0 = Debug|x64
		{1A12B350-D36B-4DCB-BD5A-B0C6969A7CC5}.Debug|x86.ActiveCfg = Debug|x86
		{1A12B350-D36B-4DCB-BD5A-B0C6969A7CC5}.Debug|x86.Build.0 = Debug|x86
		{1A12B350-D36B-4DCB-BD5A-B0C6969A7CC5}.Debug|x86.Deploy.0 = Debug|x86
		{1A12B350-D36B-4DCB-BD5A-B0C6969A7CC5}.Release|Any CPU.ActiveCfg = Release|x64
		{1A12B350-D36B-4DCB-BD5A-B0C6969A7CC5}.Release|Any CPU.Build.0 = Release|x64
		{1A12B350-D36B-4DCB-BD5A-B0C6969A7CC5}.Release|Any CPU.Deploy.0 = Release|x64
		{1A12B350-D36B-4DCB-BD5A-B0C6969A7CC5}.Release|ARM.ActiveCfg = Release|ARM
		{1A12B350-D36B-4DCB-BD5A-B0C6969A7CC5}.Release|ARM.Build.0 = Release|ARM
		{1A12B350-D36B-4DCB-BD5A-B0C6969A7CC5}.Release|ARM.Deploy.0 = Release|ARM
		{1A12B350-D36B-4DCB-BD5A-B0C6969A7CC5}.Release|iPhone.ActiveCfg = Release|x64
		{1A12B350-D36B-4DCB-BD5A-B0C6969A7CC5}.Release|iPhone.Build.0 = Release|x64
		{1A12B350-D36B-4DCB-BD5A-B0C6969A7CC5}.Release|iPhone.Deploy.0 = Release|x64
		{1A12B350-D36B-4DCB-BD5A-B0C6969A7CC5}.Release|iPhoneSimulator.ActiveCfg = Release|x64
		{1A12B350-D36B-4DCB-BD5A-B0C6969A7CC5}.Release|iPhoneSimulator.Build.0 = Release|x64
		{1A12B350-D36B-4DCB-BD5A-B0C6969A7CC5}.Release|iPhoneSimulator.Deploy.0 = Release|x64
		{1A12B350-D36B-4DCB-BD5A-B0C6969A7CC5}.Release|x64.ActiveCfg = Release|x64
		{1A12B350-D36B-4DCB-BD5A-B0C6969A7CC5}.Release|x64.Build.0 = Release|x64
		{1A12B350-D36B-4DCB-BD5A-B0C6969A7CC5}.Release|x64.Deploy.0 = Release|x64
		{1A12B350-D36B-4DCB-BD5A-B0C6969A7CC5}.Release|x86.ActiveCfg = Release|x86
		{1A12B350-D36B-4DCB-BD5A-B0C6969A7CC5}.Release|x86.Build.0 = Release|x86
		{1A12B350-D36B-4DCB-BD5A-B0C6969A7CC5}.Release|x86.Deploy.0 = Release|x86
		{0DC621B8-3C68-4B6D-B98F-041306B505F1}.Debug|Any CPU.ActiveCfg = Debug|Any CPU
		{0DC621B8-3C68-4B6D-B98F-041306B505F1}.Debug|Any CPU.Build.0 = Debug|Any CPU
		{0DC621B8-3C68-4B6D-B98F-041306B505F1}.Debug|Any CPU.Deploy.0 = Debug|Any CPU
		{0DC621B8-3C68-4B6D-B98F-041306B505F1}.Debug|ARM.ActiveCfg = Debug|Any CPU
		{0DC621B8-3C68-4B6D-B98F-041306B505F1}.Debug|ARM.Build.0 = Debug|Any CPU
		{0DC621B8-3C68-4B6D-B98F-041306B505F1}.Debug|ARM.Deploy.0 = Debug|Any CPU
		{0DC621B8-3C68-4B6D-B98F-041306B505F1}.Debug|iPhone.ActiveCfg = Debug|Any CPU
		{0DC621B8-3C68-4B6D-B98F-041306B505F1}.Debug|iPhone.Build.0 = Debug|Any CPU
		{0DC621B8-3C68-4B6D-B98F-041306B505F1}.Debug|iPhone.Deploy.0 = Debug|Any CPU
		{0DC621B8-3C68-4B6D-B98F-041306B505F1}.Debug|iPhoneSimulator.ActiveCfg = Debug|Any CPU
		{0DC621B8-3C68-4B6D-B98F-041306B505F1}.Debug|iPhoneSimulator.Build.0 = Debug|Any CPU
		{0DC621B8-3C68-4B6D-B98F-041306B505F1}.Debug|iPhoneSimulator.Deploy.0 = Debug|Any CPU
		{0DC621B8-3C68-4B6D-B98F-041306B505F1}.Debug|x64.ActiveCfg = Debug|Any CPU
		{0DC621B8-3C68-4B6D-B98F-041306B505F1}.Debug|x64.Build.0 = Debug|Any CPU
		{0DC621B8-3C68-4B6D-B98F-041306B505F1}.Debug|x64.Deploy.0 = Debug|Any CPU
		{0DC621B8-3C68-4B6D-B98F-041306B505F1}.Debug|x86.ActiveCfg = Debug|Any CPU
		{0DC621B8-3C68-4B6D-B98F-041306B505F1}.Debug|x86.Build.0 = Debug|Any CPU
		{0DC621B8-3C68-4B6D-B98F-041306B505F1}.Debug|x86.Deploy.0 = Debug|Any CPU
		{0DC621B8-3C68-4B6D-B98F-041306B505F1}.Release|Any CPU.ActiveCfg = Release|Any CPU
		{0DC621B8-3C68-4B6D-B98F-041306B505F1}.Release|Any CPU.Build.0 = Release|Any CPU
		{0DC621B8-3C68-4B6D-B98F-041306B505F1}.Release|Any CPU.Deploy.0 = Release|Any CPU
		{0DC621B8-3C68-4B6D-B98F-041306B505F1}.Release|ARM.ActiveCfg = Release|Any CPU
		{0DC621B8-3C68-4B6D-B98F-041306B505F1}.Release|ARM.Build.0 = Release|Any CPU
		{0DC621B8-3C68-4B6D-B98F-041306B505F1}.Release|ARM.Deploy.0 = Release|Any CPU
		{0DC621B8-3C68-4B6D-B98F-041306B505F1}.Release|iPhone.ActiveCfg = Release|Any CPU
		{0DC621B8-3C68-4B6D-B98F-041306B505F1}.Release|iPhone.Build.0 = Release|Any CPU
		{0DC621B8-3C68-4B6D-B98F-041306B505F1}.Release|iPhone.Deploy.0 = Release|Any CPU
		{0DC621B8-3C68-4B6D-B98F-041306B505F1}.Release|iPhoneSimulator.ActiveCfg = Release|Any CPU
		{0DC621B8-3C68-4B6D-B98F-041306B505F1}.Release|iPhoneSimulator.Build.0 = Release|Any CPU
		{0DC621B8-3C68-4B6D-B98F-041306B505F1}.Release|iPhoneSimulator.Deploy.0 = Release|Any CPU
		{0DC621B8-3C68-4B6D-B98F-041306B505F1}.Release|x64.ActiveCfg = Release|Any CPU
		{0DC621B8-3C68-4B6D-B98F-041306B505F1}.Release|x64.Build.0 = Release|Any CPU
		{0DC621B8-3C68-4B6D-B98F-041306B505F1}.Release|x64.Deploy.0 = Release|Any CPU
		{0DC621B8-3C68-4B6D-B98F-041306B505F1}.Release|x86.ActiveCfg = Release|Any CPU
		{0DC621B8-3C68-4B6D-B98F-041306B505F1}.Release|x86.Build.0 = Release|Any CPU
		{0DC621B8-3C68-4B6D-B98F-041306B505F1}.Release|x86.Deploy.0 = Release|Any CPU
		{A3A0F009-319A-41D1-BB13-9948409CA522}.Debug|Any CPU.ActiveCfg = Debug|iPhoneSimulator
		{A3A0F009-319A-41D1-BB13-9948409CA522}.Debug|Any CPU.Build.0 = Debug|iPhoneSimulator
		{A3A0F009-319A-41D1-BB13-9948409CA522}.Debug|Any CPU.Deploy.0 = Debug|iPhoneSimulator
		{A3A0F009-319A-41D1-BB13-9948409CA522}.Debug|ARM.ActiveCfg = Debug|iPhoneSimulator
		{A3A0F009-319A-41D1-BB13-9948409CA522}.Debug|ARM.Build.0 = Debug|iPhoneSimulator
		{A3A0F009-319A-41D1-BB13-9948409CA522}.Debug|ARM.Deploy.0 = Debug|iPhoneSimulator
		{A3A0F009-319A-41D1-BB13-9948409CA522}.Debug|iPhone.ActiveCfg = Debug|iPhone
		{A3A0F009-319A-41D1-BB13-9948409CA522}.Debug|iPhone.Build.0 = Debug|iPhone
		{A3A0F009-319A-41D1-BB13-9948409CA522}.Debug|iPhone.Deploy.0 = Debug|iPhone
		{A3A0F009-319A-41D1-BB13-9948409CA522}.Debug|iPhoneSimulator.ActiveCfg = Debug|iPhoneSimulator
		{A3A0F009-319A-41D1-BB13-9948409CA522}.Debug|iPhoneSimulator.Build.0 = Debug|iPhoneSimulator
		{A3A0F009-319A-41D1-BB13-9948409CA522}.Debug|iPhoneSimulator.Deploy.0 = Debug|iPhoneSimulator
		{A3A0F009-319A-41D1-BB13-9948409CA522}.Debug|x64.ActiveCfg = Debug|iPhone
		{A3A0F009-319A-41D1-BB13-9948409CA522}.Debug|x64.Build.0 = Debug|iPhone
		{A3A0F009-319A-41D1-BB13-9948409CA522}.Debug|x64.Deploy.0 = Debug|iPhone
		{A3A0F009-319A-41D1-BB13-9948409CA522}.Debug|x86.ActiveCfg = Debug|iPhoneSimulator
		{A3A0F009-319A-41D1-BB13-9948409CA522}.Debug|x86.Build.0 = Debug|iPhoneSimulator
		{A3A0F009-319A-41D1-BB13-9948409CA522}.Debug|x86.Deploy.0 = Debug|iPhoneSimulator
		{A3A0F009-319A-41D1-BB13-9948409CA522}.Release|Any CPU.ActiveCfg = Release|iPhoneSimulator
		{A3A0F009-319A-41D1-BB13-9948409CA522}.Release|Any CPU.Build.0 = Release|iPhoneSimulator
		{A3A0F009-319A-41D1-BB13-9948409CA522}.Release|Any CPU.Deploy.0 = Release|iPhoneSimulator
		{A3A0F009-319A-41D1-BB13-9948409CA522}.Release|ARM.ActiveCfg = Release|iPhoneSimulator
		{A3A0F009-319A-41D1-BB13-9948409CA522}.Release|ARM.Build.0 = Release|iPhoneSimulator
		{A3A0F009-319A-41D1-BB13-9948409CA522}.Release|ARM.Deploy.0 = Release|iPhoneSimulator
		{A3A0F009-319A-41D1-BB13-9948409CA522}.Release|iPhone.ActiveCfg = Release|iPhone
		{A3A0F009-319A-41D1-BB13-9948409CA522}.Release|iPhone.Build.0 = Release|iPhone
		{A3A0F009-319A-41D1-BB13-9948409CA522}.Release|iPhone.Deploy.0 = Release|iPhone
		{A3A0F009-319A-41D1-BB13-9948409CA522}.Release|iPhoneSimulator.ActiveCfg = Release|iPhoneSimulator
		{A3A0F009-319A-41D1-BB13-9948409CA522}.Release|iPhoneSimulator.Build.0 = Release|iPhoneSimulator
		{A3A0F009-319A-41D1-BB13-9948409CA522}.Release|iPhoneSimulator.Deploy.0 = Release|iPhoneSimulator
		{A3A0F009-319A-41D1-BB13-9948409CA522}.Release|x64.ActiveCfg = Release|iPhoneSimulator
		{A3A0F009-319A-41D1-BB13-9948409CA522}.Release|x64.Build.0 = Release|iPhoneSimulator
		{A3A0F009-319A-41D1-BB13-9948409CA522}.Release|x64.Deploy.0 = Release|iPhoneSimulator
		{A3A0F009-319A-41D1-BB13-9948409CA522}.Release|x86.ActiveCfg = Release|iPhoneSimulator
		{A3A0F009-319A-41D1-BB13-9948409CA522}.Release|x86.Build.0 = Release|iPhoneSimulator
		{A3A0F009-319A-41D1-BB13-9948409CA522}.Release|x86.Deploy.0 = Release|iPhoneSimulator
		{C868A803-58B4-45DD-940F-32988298C80B}.Debug|Any CPU.ActiveCfg = Debug|Any CPU
		{C868A803-58B4-45DD-940F-32988298C80B}.Debug|Any CPU.Build.0 = Debug|Any CPU
		{C868A803-58B4-45DD-940F-32988298C80B}.Debug|Any CPU.Deploy.0 = Debug|Any CPU
		{C868A803-58B4-45DD-940F-32988298C80B}.Debug|ARM.ActiveCfg = Debug|Any CPU
		{C868A803-58B4-45DD-940F-32988298C80B}.Debug|ARM.Build.0 = Debug|Any CPU
		{C868A803-58B4-45DD-940F-32988298C80B}.Debug|ARM.Deploy.0 = Debug|Any CPU
		{C868A803-58B4-45DD-940F-32988298C80B}.Debug|iPhone.ActiveCfg = Debug|Any CPU
		{C868A803-58B4-45DD-940F-32988298C80B}.Debug|iPhone.Build.0 = Debug|Any CPU
		{C868A803-58B4-45DD-940F-32988298C80B}.Debug|iPhone.Deploy.0 = Debug|Any CPU
		{C868A803-58B4-45DD-940F-32988298C80B}.Debug|iPhoneSimulator.ActiveCfg = Debug|Any CPU
		{C868A803-58B4-45DD-940F-32988298C80B}.Debug|iPhoneSimulator.Build.0 = Debug|Any CPU
		{C868A803-58B4-45DD-940F-32988298C80B}.Debug|iPhoneSimulator.Deploy.0 = Debug|Any CPU
		{C868A803-58B4-45DD-940F-32988298C80B}.Debug|x64.ActiveCfg = Debug|Any CPU
		{C868A803-58B4-45DD-940F-32988298C80B}.Debug|x64.Build.0 = Debug|Any CPU
		{C868A803-58B4-45DD-940F-32988298C80B}.Debug|x64.Deploy.0 = Debug|Any CPU
		{C868A803-58B4-45DD-940F-32988298C80B}.Debug|x86.ActiveCfg = Debug|Any CPU
		{C868A803-58B4-45DD-940F-32988298C80B}.Debug|x86.Build.0 = Debug|Any CPU
		{C868A803-58B4-45DD-940F-32988298C80B}.Debug|x86.Deploy.0 = Debug|Any CPU
		{C868A803-58B4-45DD-940F-32988298C80B}.Release|Any CPU.ActiveCfg = Release|Any CPU
		{C868A803-58B4-45DD-940F-32988298C80B}.Release|Any CPU.Build.0 = Release|Any CPU
		{C868A803-58B4-45DD-940F-32988298C80B}.Release|Any CPU.Deploy.0 = Release|Any CPU
		{C868A803-58B4-45DD-940F-32988298C80B}.Release|ARM.ActiveCfg = Release|Any CPU
		{C868A803-58B4-45DD-940F-32988298C80B}.Release|ARM.Build.0 = Release|Any CPU
		{C868A803-58B4-45DD-940F-32988298C80B}.Release|ARM.Deploy.0 = Release|Any CPU
		{C868A803-58B4-45DD-940F-32988298C80B}.Release|iPhone.ActiveCfg = Release|Any CPU
		{C868A803-58B4-45DD-940F-32988298C80B}.Release|iPhone.Build.0 = Release|Any CPU
		{C868A803-58B4-45DD-940F-32988298C80B}.Release|iPhone.Deploy.0 = Release|Any CPU
		{C868A803-58B4-45DD-940F-32988298C80B}.Release|iPhoneSimulator.ActiveCfg = Release|Any CPU
		{C868A803-58B4-45DD-940F-32988298C80B}.Release|iPhoneSimulator.Build.0 = Release|Any CPU
		{C868A803-58B4-45DD-940F-32988298C80B}.Release|iPhoneSimulator.Deploy.0 = Release|Any CPU
		{C868A803-58B4-45DD-940F-32988298C80B}.Release|x64.ActiveCfg = Release|Any CPU
		{C868A803-58B4-45DD-940F-32988298C80B}.Release|x64.Build.0 = Release|Any CPU
		{C868A803-58B4-45DD-940F-32988298C80B}.Release|x64.Deploy.0 = Release|Any CPU
		{C868A803-58B4-45DD-940F-32988298C80B}.Release|x86.ActiveCfg = Release|Any CPU
		{C868A803-58B4-45DD-940F-32988298C80B}.Release|x86.Build.0 = Release|Any CPU
		{C868A803-58B4-45DD-940F-32988298C80B}.Release|x86.Deploy.0 = Release|Any CPU
	EndGlobalSection
	GlobalSection(SolutionProperties) = preSolution
		HideSolutionNode = FALSE
	EndGlobalSection
	GlobalSection(ExtensibilityGlobals) = postSolution
		SolutionGuid = {DC179015-FC9D-4E44-A5F5-C9CFF3CF7B63}
	EndGlobalSection
EndGlobal
